schema: '2.0'
stages:
  make_dataset:
    cmd: python src/data/make_dataset.py
    deps:
    - path: configs/data/base.yaml
      hash: md5
      md5: e0df995824fe1fc1bf398ef52815cc56
      size: 1365
    - path: configs/paths/base.yaml
      hash: md5
      md5: b9f80fbd1d2364091a2447cf3b4e1b9a
      size: 559
    - path: data/raw
      hash: md5
      md5: db610d3790b0b2c05637373e9534c409.dir
      size: 704947819
      nfiles: 12
    - path: src/data/make_dataset.py
      hash: md5
      md5: 28a314bdc754bfccc43b65357e6d4090
      size: 2895
    outs:
    - path: data/processed/new_data_actual_season.csv
      hash: md5
      md5: 2dc43183c41e3d480df35f9f38d7d27e
      size: 42756922
    - path: data/processed/prev_and_actual_season_data.csv
      hash: md5
      md5: ee027764f96b267d6d5852097de81c7d
      size: 609365064
  build_features:
    cmd: python src/features/build_features.py
    deps:
    - path: configs/data/base.yaml
      hash: md5
      md5: e0df995824fe1fc1bf398ef52815cc56
      size: 1365
    - path: configs/paths/base.yaml
      hash: md5
      md5: b9f80fbd1d2364091a2447cf3b4e1b9a
      size: 559
    - path: data/processed/prev_and_actual_season_data.csv
      hash: md5
      md5: ee027764f96b267d6d5852097de81c7d
      size: 609365064
    outs:
    - path: data/processed/X.csv
      hash: md5
      md5: 87a5b2effc93892f9b17aebf2952c1fe
      size: 119180188
    - path: data/processed/X_next_days.csv
      hash: md5
      md5: 811ef548b629a02ba1a7dcc6e657cf35
      size: 9962
    - path: data/processed/teams_stats.csv
      hash: md5
      md5: 9afa741a1312cc9dface31bedcc873d9
      size: 188994923
  train_model:
    cmd: python src/models/train_model.py
    deps:
    - path: configs/model
      hash: md5
      md5: 19d9651daeca019fb69cfaf932911f8a.dir
      size: 419
      nfiles: 2
    - path: configs/paths/base.yaml
      hash: md5
      md5: b9f80fbd1d2364091a2447cf3b4e1b9a
      size: 559
    - path: configs/tracking/base.yaml
      hash: md5
      md5: 5da0d786dedb9684f2f7c2a600be895a
      size: 81
    - path: data/processed/X.csv
      hash: md5
      md5: 87a5b2effc93892f9b17aebf2952c1fe
      size: 119180188
    - path: data/processed/saved_training_data.csv
      hash: md5
      md5: 7bc617338066a9cb19db802ead24bcd0
      size: 30120144
    outs:
    - path: models
      hash: md5
      md5: d3e2683f02e1fe8319c33f65eba4ddbb.dir
      size: 405352
      nfiles: 1
  evaluate_model:
    cmd: python src/models/evaluate_model.py
    deps:
    - path: configs/model
      hash: md5
      md5: 19d9651daeca019fb69cfaf932911f8a.dir
      size: 419
      nfiles: 2
    - path: configs/paths/base.yaml
      hash: md5
      md5: b9f80fbd1d2364091a2447cf3b4e1b9a
      size: 559
    - path: configs/tracking/base.yaml
      hash: md5
      md5: 5da0d786dedb9684f2f7c2a600be895a
      size: 81
    - path: data/processed/saved_training_data.csv
      hash: md5
      md5: 7bc617338066a9cb19db802ead24bcd0
      size: 30120144
    - path: models
      hash: md5
      md5: d3e2683f02e1fe8319c33f65eba4ddbb.dir
      size: 405352
      nfiles: 1
